# This file is automatically @generated by Cargo.
# It is not intended for manual editing.
version = 3

[[package]]
name = "aedron_patchouli-server"
version = "0.1.0"
dependencies = [
 "colored 2.0.4",
 "fern",
 "log",
 "syslog",
 "time",
]

[[package]]
name = "bitflags"
version = "2.4.0"
source = "registry+https://github.com/rust-lang/crates.io-index"
checksum = "b4682ae6287fcf752ecaabbfcc7b6f9b72aa33933dc23a554d853aea8eea8635"

[[package]]
name = "cc"
version = "1.0.82"
source = "registry+https://github.com/rust-lang/crates.io-index"
checksum = "305fe645edc1442a0fa8b6726ba61d422798d37a52e12eaecf4b022ebbb88f01"
dependencies = [
 "libc",
]

[[package]]
name = "colored"
version = "1.9.4"
source = "registry+https://github.com/rust-lang/crates.io-index"
checksum = "5a5f741c91823341bebf717d4c71bda820630ce065443b58bd1b7451af008355"
dependencies = [
 "is-terminal",
 "lazy_static",
 "winapi",
]

[[package]]
name = "colored"
version = "2.0.4"
source = "registry+https://github.com/rust-lang/crates.io-index"
checksum = "2674ec482fbc38012cf31e6c42ba0177b431a0cb6f15fe40efa5aab1bda516f6"
dependencies = [
 "is-terminal",
 "lazy_static",
 "windows-sys",
]

[[package]]
name = "deranged"
version = "0.3.7"
source = "registry+https://github.com/rust-lang/crates.io-index"
checksum = "7684a49fb1af197853ef7b2ee694bc1f5b4179556f1e5710e1760c5db6f5e929"

[[package]]
name = "errno"
version = "0.3.2"
source = "registry+https://github.com/rust-lang/crates.io-index"
checksum = "6b30f669a7961ef1631673d2766cc92f52d64f7ef354d4fe0ddfd30ed52f0f4f"
dependencies = [
 "errno-dragonfly",
 "libc",
 "windows-sys",
]

[[package]]
name = "errno-dragonfly"
version = "0.1.2"
source = "registry+https://github.com/rust-lang/crates.io-index"
checksum = "aa68f1b12764fab894d2755d2518754e71b4fd80ecfb822714a1206c2aab39bf"
dependencies = [
 "cc",
 "libc",
]

[[package]]
name = "error-chain"
version = "0.12.4"
source = "registry+https://github.com/rust-lang/crates.io-index"
checksum = "2d2f06b9cac1506ece98fe3231e3cc9c4410ec3d5b1f24ae1c8946f0742cdefc"
dependencies = [
 "version_check",
]

[[package]]
name = "fern"
version = "0.6.2"
source = "registry+https://github.com/rust-lang/crates.io-index"
checksum = "d9f0c14694cbd524c8720dd69b0e3179344f04ebb5f90f2e4a440c6ea3b2f1ee"
dependencies = [
 "colored 1.9.4",
 "log",
 "syslog",
]

[[package]]
name = "hermit-abi"
version = "0.3.2"
source = "registry+https://github.com/rust-lang/crates.io-index"
checksum = "443144c8cdadd93ebf52ddb4056d257f5b52c04d3c804e657d19eb73fc33668b"

[[package]]
name = "hostname"
version = "0.3.1"
source = "registry+https://github.com/rust-lang/crates.io-index"
checksum = "3c731c3e10504cc8ed35cfe2f1db4c9274c3d35fa486e3b31df46f068ef3e867"
dependencies = [
 "libc",
 "match_cfg",
 "winapi",
]

[[package]]
name = "is-terminal"
version = "0.4.9"
source = "registry+https://github.com/rust-lang/crates.io-index"
checksum = "cb0889898416213fab133e1d33a0e5858a48177452750691bde3666d0fdbaf8b"
dependencies = [
 "hermit-abi",
 "rustix",
 "windows-sys",
]

[[package]]
name = "itoa"
version = "1.0.9"
source = "registry+https://github.com/rust-lang/crates.io-index"
checksum = "af150ab688ff2122fcef229be89cb50dd66af9e01a4ff320cc137eecc9bacc38"

[[package]]
name = "lazy_static"
version = "1.4.0"
source = "registry+https://github.com/rust-lang/crates.io-index"
checksum = "e2abad23fbc42b3700f2f279844dc832adb2b2eb069b2df918f455c4e18cc646"

[[package]]
name = "libc"
version = "0.2.147"
source = "registry+https://github.com/rust-lang/crates.io-index"
checksum = "b4668fb0ea861c1df094127ac5f1da3409a82116a4ba74fca2e58ef927159bb3"

[[package]]
name = "linux-raw-sys"
version = "0.4.5"
source = "registry+https://github.com/rust-lang/crates.io-index"
checksum = "57bcfdad1b858c2db7c38303a6d2ad4dfaf5eb53dfeb0910128b2c26d6158503"

[[package]]
name = "log"
version = "0.4.20"
source = "registry+https://github.com/rust-lang/crates.io-index"
checksum = "b5e6163cb8c49088c2c36f57875e58ccd8c87c7427f7fbd50ea6710b2f3f2e8f"

[[package]]
name = "match_cfg"
version = "0.1.0"
source = "registry+https://github.com/rust-lang/crates.io-index"
checksum = "ffbee8634e0d45d258acb448e7eaab3fce7a0a467395d4d9f228e3c1f01fb2e4"

[[package]]
name = "num_threads"
version = "0.1.6"
source = "registry+https://github.com/rust-lang/crates.io-index"
checksum = "2819ce041d2ee131036f4fc9d6ae7ae125a3a40e97ba64d04fe799ad9dabbb44"
dependencies = [
 "libc",
]

[[package]]
name = "rustix"
version = "0.38.8"
source = "registry+https://github.com/rust-lang/crates.io-index"
checksum = "19ed4fa021d81c8392ce04db050a3da9a60299050b7ae1cf482d862b54a7218f"
dependencies = [
 "bitflags",
 "errno",
 "libc",
 "linux-raw-sys",
 "windows-sys",
]

[[package]]
name = "serde"
version = "1.0.171"
source = "registry+https://github.com/rust-lang/crates.io-index"
checksum = "30e27d1e4fd7659406c492fd6cfaf2066ba8773de45ca75e855590f856dc34a9"

[[package]]
name = "syslog"
version = "6.1.0"
source = "registry+https://github.com/rust-lang/crates.io-index"
checksum = "7434e95bcccce1215d30f4bf84fe8c00e8de1b9be4fb736d747ca53d36e7f96f"
dependencies = [
 "error-chain",
 "hostname",
 "libc",
 "log",
 "time",
]

[[package]]
name = "time"
version = "0.3.26"
source = "registry+https://github.com/rust-lang/crates.io-index"
checksum = "a79d09ac6b08c1ab3906a2f7cc2e81a0e27c7ae89c63812df75e52bef0751e07"
dependencies = [
 "deranged",
 "itoa",
 "libc",
 "num_threads",
 "serde",
 "time-core",
 "time-macros",
]

[[package]]
name = "time-core"
version = "0.1.1"
source = "registry+https://github.com/rust-lang/crates.io-index"
checksum = "7300fbefb4dadc1af235a9cef3737cea692a9d97e1b9cbcd4ebdae6f8868e6fb"

[[package]]
name = "time-macros"
version = "0.2.12"
source = "registry+https://github.com/rust-lang/crates.io-index"
checksum = "75c65469ed6b3a4809d987a41eb1dc918e9bc1d92211cbad7ae82931846f7451"
dependencies = [
 "time-core",
]

[[package]]
name = "version_check"
version = "0.9.4"
source = "registry+https://github.com/rust-lang/crates.io-index"
checksum = "49874b5167b65d7193b8aba1567f5c7d93d001cafc34600cee003eda787e483f"

[[package]]
name = "winapi"
version = "0.3.9"
source = "registry+https://github.com/rust-lang/crates.io-index"
checksum = "5c839a674fcd7a98952e593242ea400abe93992746761e38641405d28b00f419"
dependencies = [
 "winapi-i686-pc-windows-gnu",
 "winapi-x86_64-pc-windows-gnu",
]

[[package]]
name = "winapi-i686-pc-windows-gnu"
version = "0.4.0"
source = "registry+https://github.com/rust-lang/crates.io-index"
checksum = "ac3b87c63620426dd9b991e5ce0329eff545bccbbb34f3be09ff6fb6ab51b7b6"

[[package]]
name = "winapi-x86_64-pc-windows-gnu"
version = "0.4.0"
source = "registry+https://github.com/rust-lang/crates.io-index"
checksum = "712e227841d057c1ee1cd2fb22fa7e5a5461ae8e48fa2ca79ec42cfc1931183f"

[[package]]
name = "windows-sys"
version = "0.48.0"
source = "registry+https://github.com/rust-lang/crates.io-index"
checksum = "677d2418bec65e3338edb076e806bc1ec15693c5d0104683f2efe857f61056a9"
dependencies = [
 "windows-targets",
]

[[package]]
name = "windows-targets"
version = "0.48.5"
source = "registry+https://github.com/rust-lang/crates.io-index"
checksum = "9a2fa6e2155d7247be68c096456083145c183cbbbc2764150dda45a87197940c"
dependencies = [
 "windows_aarch64_gnullvm",
 "windows_aarch64_msvc",
 "windows_i686_gnu",
 "windows_i686_msvc",
 "windows_x86_64_gnu",
 "windows_x86_64_gnullvm",
 "windows_x86_64_msvc",
]

[[package]]
name = "windows_aarch64_gnullvm"
version = "0.48.5"
source = "registry+https://github.com/rust-lang/crates.io-index"
checksum = "2b38e32f0abccf9987a4e3079dfb67dcd799fb61361e53e2882c3cbaf0d905d8"

[[package]]
name = "windows_aarch64_msvc"
version = "0.48.5"
source = "registry+https://github.com/rust-lang/crates.io-index"
checksum = "dc35310971f3b2dbbf3f0690a219f40e2d9afcf64f9ab7cc1be722937c26b4bc"

[[package]]
name = "windows_i686_gnu"
version = "0.48.5"
source = "registry+https://github.com/rust-lang/crates.io-index"
checksum = "a75915e7def60c94dcef72200b9a8e58e5091744960da64ec734a6c6e9b3743e"

[[package]]
name = "windows_i686_msvc"
version = "0.48.5"
source = "registry+https://github.com/rust-lang/crates.io-index"
checksum = "8f55c233f70c4b27f66c523580f78f1004e8b5a8b659e05a4eb49d4166cca406"

[[package]]
name = "windows_x86_64_gnu"
version = "0.48.5"
source = "registry+https://github.com/rust-lang/crates.io-index"
checksum = "53d40abd2583d23e4718fddf1ebec84dbff8381c07cae67ff7768bbf19c6718e"

[[package]]
name = "windows_x86_64_gnullvm"
version = "0.48.5"
source = "registry+https://github.com/rust-lang/crates.io-index"
checksum = "0b7b52767868a23d5bab768e390dc5f5c55825b6d30b86c844ff2dc7414044cc"

[[package]]
name = "windows_x86_64_msvc"
version = "0.48.5"
source = "registry+https://github.com/rust-lang/crates.io-index"
checksum = "ed94fce61571a4006852b7389a063ab983c02eb1bb37b47f8272ce92d06d9538"
